// !$*UTF8*$!
{
	archiveVersion = 1;
	classes = {
	};
	objectVersion = 46;
	objects = {

/* Begin PBXBuildFile section */
		986A99F81A5DB64000DF2615 /* AppDelegate.m in Sources */ = {isa = PBXBuildFile; fileRef = 986A99F71A5DB64000DF2615 /* AppDelegate.m */; };
		986A99FA1A5DB64000DF2615 /* main.m in Sources */ = {isa = PBXBuildFile; fileRef = 986A99F91A5DB64000DF2615 /* main.m */; };
		986A99FD1A5DB64000DF2615 /* Requester.xcdatamodeld in Sources */ = {isa = PBXBuildFile; fileRef = 986A99FB1A5DB64000DF2615 /* Requester.xcdatamodeld */; };
		986A99FF1A5DB64000DF2615 /* Images.xcassets in Resources */ = {isa = PBXBuildFile; fileRef = 986A99FE1A5DB64000DF2615 /* Images.xcassets */; };
		986A9A021A5DB64000DF2615 /* MainMenu.xib in Resources */ = {isa = PBXBuildFile; fileRef = 986A9A001A5DB64000DF2615 /* MainMenu.xib */; };
		986A9A0E1A5DB64000DF2615 /* RequesterTests.m in Sources */ = {isa = PBXBuildFile; fileRef = 986A9A0D1A5DB64000DF2615 /* RequesterTests.m */; };
		986A9A1C1A5DCF5400DF2615 /* RZREnvironment.m in Sources */ = {isa = PBXBuildFile; fileRef = 986A9A1B1A5DCF5400DF2615 /* RZREnvironment.m */; };
		986A9A1D1A5DCF5400DF2615 /* RZREnvironment.m in Sources */ = {isa = PBXBuildFile; fileRef = 986A9A1B1A5DCF5400DF2615 /* RZREnvironment.m */; };
		986A9A201A5DCF5500DF2615 /* RZRApp.m in Sources */ = {isa = PBXBuildFile; fileRef = 986A9A1F1A5DCF5500DF2615 /* RZRApp.m */; };
		986A9A211A5DCF5500DF2615 /* RZRApp.m in Sources */ = {isa = PBXBuildFile; fileRef = 986A9A1F1A5DCF5500DF2615 /* RZRApp.m */; };
		986A9A241A5DCF5500DF2615 /* RZRParameters.m in Sources */ = {isa = PBXBuildFile; fileRef = 986A9A231A5DCF5500DF2615 /* RZRParameters.m */; };
		986A9A251A5DCF5500DF2615 /* RZRParameters.m in Sources */ = {isa = PBXBuildFile; fileRef = 986A9A231A5DCF5500DF2615 /* RZRParameters.m */; };
		986A9A281A5DCF5500DF2615 /* RZRKeyValue.m in Sources */ = {isa = PBXBuildFile; fileRef = 986A9A271A5DCF5500DF2615 /* RZRKeyValue.m */; };
		986A9A291A5DCF5500DF2615 /* RZRKeyValue.m in Sources */ = {isa = PBXBuildFile; fileRef = 986A9A271A5DCF5500DF2615 /* RZRKeyValue.m */; };
		986A9A2C1A5DCF5500DF2615 /* RZREndpoint.m in Sources */ = {isa = PBXBuildFile; fileRef = 986A9A2B1A5DCF5500DF2615 /* RZREndpoint.m */; };
		986A9A2D1A5DCF5500DF2615 /* RZREndpoint.m in Sources */ = {isa = PBXBuildFile; fileRef = 986A9A2B1A5DCF5500DF2615 /* RZREndpoint.m */; };
		986A9A301A5DCF5500DF2615 /* RZRHeader.m in Sources */ = {isa = PBXBuildFile; fileRef = 986A9A2F1A5DCF5500DF2615 /* RZRHeader.m */; };
		986A9A311A5DCF5500DF2615 /* RZRHeader.m in Sources */ = {isa = PBXBuildFile; fileRef = 986A9A2F1A5DCF5500DF2615 /* RZRHeader.m */; };
		986A9A341A5DCF5500DF2615 /* RZRService.m in Sources */ = {isa = PBXBuildFile; fileRef = 986A9A331A5DCF5500DF2615 /* RZRService.m */; };
		986A9A351A5DCF5500DF2615 /* RZRService.m in Sources */ = {isa = PBXBuildFile; fileRef = 986A9A331A5DCF5500DF2615 /* RZRService.m */; };
/* End PBXBuildFile section */

/* Begin PBXContainerItemProxy section */
		986A9A081A5DB64000DF2615 /* PBXContainerItemProxy */ = {
			isa = PBXContainerItemProxy;
			containerPortal = 986A99E91A5DB64000DF2615 /* Project object */;
			proxyType = 1;
			remoteGlobalIDString = 986A99F01A5DB64000DF2615;
			remoteInfo = Requester;
		};
/* End PBXContainerItemProxy section */

/* Begin PBXFileReference section */
		986A99F11A5DB64000DF2615 /* Requester.app */ = {isa = PBXFileReference; explicitFileType = wrapper.application; includeInIndex = 0; path = Requester.app; sourceTree = BUILT_PRODUCTS_DIR; };
		986A99F51A5DB64000DF2615 /* Info.plist */ = {isa = PBXFileReference; lastKnownFileType = text.plist.xml; path = Info.plist; sourceTree = "<group>"; };
		986A99F61A5DB64000DF2615 /* AppDelegate.h */ = {isa = PBXFileReference; lastKnownFileType = sourcecode.c.h; path = AppDelegate.h; sourceTree = "<group>"; };
		986A99F71A5DB64000DF2615 /* AppDelegate.m */ = {isa = PBXFileReference; lastKnownFileType = sourcecode.c.objc; path = AppDelegate.m; sourceTree = "<group>"; };
		986A99F91A5DB64000DF2615 /* main.m */ = {isa = PBXFileReference; lastKnownFileType = sourcecode.c.objc; path = main.m; sourceTree = "<group>"; };
		986A99FC1A5DB64000DF2615 /* Requester.xcdatamodel */ = {isa = PBXFileReference; lastKnownFileType = wrapper.xcdatamodel; path = Requester.xcdatamodel; sourceTree = "<group>"; };
		986A99FE1A5DB64000DF2615 /* Images.xcassets */ = {isa = PBXFileReference; lastKnownFileType = folder.assetcatalog; path = Images.xcassets; sourceTree = "<group>"; };
		986A9A011A5DB64000DF2615 /* Base */ = {isa = PBXFileReference; lastKnownFileType = file.xib; name = Base; path = Base.lproj/MainMenu.xib; sourceTree = "<group>"; };
		986A9A071A5DB64000DF2615 /* RequesterTests.xctest */ = {isa = PBXFileReference; explicitFileType = wrapper.cfbundle; includeInIndex = 0; path = RequesterTests.xctest; sourceTree = BUILT_PRODUCTS_DIR; };
		986A9A0C1A5DB64000DF2615 /* Info.plist */ = {isa = PBXFileReference; lastKnownFileType = text.plist.xml; path = Info.plist; sourceTree = "<group>"; };
		986A9A0D1A5DB64000DF2615 /* RequesterTests.m */ = {isa = PBXFileReference; lastKnownFileType = sourcecode.c.objc; path = RequesterTests.m; sourceTree = "<group>"; };
		986A9A1A1A5DCF5400DF2615 /* RZREnvironment.h */ = {isa = PBXFileReference; fileEncoding = 4; lastKnownFileType = sourcecode.c.h; name = RZREnvironment.h; path = Data/Model/Entities/RZREnvironment.h; sourceTree = "<group>"; };
		986A9A1B1A5DCF5400DF2615 /* RZREnvironment.m */ = {isa = PBXFileReference; fileEncoding = 4; lastKnownFileType = sourcecode.c.objc; name = RZREnvironment.m; path = Data/Model/Entities/RZREnvironment.m; sourceTree = "<group>"; };
		986A9A1E1A5DCF5500DF2615 /* RZRApp.h */ = {isa = PBXFileReference; fileEncoding = 4; lastKnownFileType = sourcecode.c.h; name = RZRApp.h; path = Data/Model/Entities/RZRApp.h; sourceTree = "<group>"; };
		986A9A1F1A5DCF5500DF2615 /* RZRApp.m */ = {isa = PBXFileReference; fileEncoding = 4; lastKnownFileType = sourcecode.c.objc; name = RZRApp.m; path = Data/Model/Entities/RZRApp.m; sourceTree = "<group>"; };
		986A9A221A5DCF5500DF2615 /* RZRParameters.h */ = {isa = PBXFileReference; fileEncoding = 4; lastKnownFileType = sourcecode.c.h; name = RZRParameters.h; path = Data/Model/Entities/RZRParameters.h; sourceTree = "<group>"; };
		986A9A231A5DCF5500DF2615 /* RZRParameters.m */ = {isa = PBXFileReference; fileEncoding = 4; lastKnownFileType = sourcecode.c.objc; name = RZRParameters.m; path = Data/Model/Entities/RZRParameters.m; sourceTree = "<group>"; };
		986A9A261A5DCF5500DF2615 /* RZRKeyValue.h */ = {isa = PBXFileReference; fileEncoding = 4; lastKnownFileType = sourcecode.c.h; name = RZRKeyValue.h; path = Data/Model/Entities/RZRKeyValue.h; sourceTree = "<group>"; };
		986A9A271A5DCF5500DF2615 /* RZRKeyValue.m */ = {isa = PBXFileReference; fileEncoding = 4; lastKnownFileType = sourcecode.c.objc; name = RZRKeyValue.m; path = Data/Model/Entities/RZRKeyValue.m; sourceTree = "<group>"; };
		986A9A2A1A5DCF5500DF2615 /* RZREndpoint.h */ = {isa = PBXFileReference; fileEncoding = 4; lastKnownFileType = sourcecode.c.h; name = RZREndpoint.h; path = Data/Model/Entities/RZREndpoint.h; sourceTree = "<group>"; };
		986A9A2B1A5DCF5500DF2615 /* RZREndpoint.m */ = {isa = PBXFileReference; fileEncoding = 4; lastKnownFileType = sourcecode.c.objc; name = RZREndpoint.m; path = Data/Model/Entities/RZREndpoint.m; sourceTree = "<group>"; };
		986A9A2E1A5DCF5500DF2615 /* RZRHeader.h */ = {isa = PBXFileReference; fileEncoding = 4; lastKnownFileType = sourcecode.c.h; name = RZRHeader.h; path = Data/Model/Entities/RZRHeader.h; sourceTree = "<group>"; };
		986A9A2F1A5DCF5500DF2615 /* RZRHeader.m */ = {isa = PBXFileReference; fileEncoding = 4; lastKnownFileType = sourcecode.c.objc; name = RZRHeader.m; path = Data/Model/Entities/RZRHeader.m; sourceTree = "<group>"; };
		986A9A321A5DCF5500DF2615 /* RZRService.h */ = {isa = PBXFileReference; fileEncoding = 4; lastKnownFileType = sourcecode.c.h; name = RZRService.h; path = Data/Model/Entities/RZRService.h; sourceTree = "<group>"; };
		986A9A331A5DCF5500DF2615 /* RZRService.m */ = {isa = PBXFileReference; fileEncoding = 4; lastKnownFileType = sourcecode.c.objc; name = RZRService.m; path = Data/Model/Entities/RZRService.m; sourceTree = "<group>"; };
/* End PBXFileReference section */

/* Begin PBXFrameworksBuildPhase section */
		986A99EE1A5DB64000DF2615 /* Frameworks */ = {
			isa = PBXFrameworksBuildPhase;
			buildActionMask = 2147483647;
			files = (
			);
			runOnlyForDeploymentPostprocessing = 0;
		};
		986A9A041A5DB64000DF2615 /* Frameworks */ = {
			isa = PBXFrameworksBuildPhase;
			buildActionMask = 2147483647;
			files = (
			);
			runOnlyForDeploymentPostprocessing = 0;
		};
/* End PBXFrameworksBuildPhase section */

/* Begin PBXGroup section */
		986A99E81A5DB64000DF2615 = {
			isa = PBXGroup;
			children = (
				986A99F31A5DB64000DF2615 /* Requester */,
				986A9A0A1A5DB64000DF2615 /* RequesterTests */,
				986A99F21A5DB64000DF2615 /* Products */,
			);
			sourceTree = "<group>";
		};
		986A99F21A5DB64000DF2615 /* Products */ = {
			isa = PBXGroup;
			children = (
				986A99F11A5DB64000DF2615 /* Requester.app */,
				986A9A071A5DB64000DF2615 /* RequesterTests.xctest */,
			);
			name = Products;
			sourceTree = "<group>";
		};
		986A99F31A5DB64000DF2615 /* Requester */ = {
			isa = PBXGroup;
			children = (
				986A9A171A5DCF1A00DF2615 /* Data */,
				986A99F61A5DB64000DF2615 /* AppDelegate.h */,
				986A99F71A5DB64000DF2615 /* AppDelegate.m */,
				986A99FE1A5DB64000DF2615 /* Images.xcassets */,
				986A9A001A5DB64000DF2615 /* MainMenu.xib */,
				986A99F41A5DB64000DF2615 /* Supporting Files */,
			);
			path = Requester;
			sourceTree = "<group>";
		};
		986A99F41A5DB64000DF2615 /* Supporting Files */ = {
			isa = PBXGroup;
			children = (
				986A99F51A5DB64000DF2615 /* Info.plist */,
				986A99F91A5DB64000DF2615 /* main.m */,
			);
			name = "Supporting Files";
			sourceTree = "<group>";
		};
		986A9A0A1A5DB64000DF2615 /* RequesterTests */ = {
			isa = PBXGroup;
			children = (
				986A9A0D1A5DB64000DF2615 /* RequesterTests.m */,
				986A9A0B1A5DB64000DF2615 /* Supporting Files */,
			);
			path = RequesterTests;
			sourceTree = "<group>";
		};
		986A9A0B1A5DB64000DF2615 /* Supporting Files */ = {
			isa = PBXGroup;
			children = (
				986A9A0C1A5DB64000DF2615 /* Info.plist */,
			);
			name = "Supporting Files";
			sourceTree = "<group>";
		};
		986A9A171A5DCF1A00DF2615 /* Data */ = {
			isa = PBXGroup;
			children = (
				986A9A181A5DCF1F00DF2615 /* Model */,
			);
			name = Data;
			sourceTree = "<group>";
		};
		986A9A181A5DCF1F00DF2615 /* Model */ = {
			isa = PBXGroup;
			children = (
				986A9A191A5DCF2F00DF2615 /* Entities */,
				986A99FB1A5DB64000DF2615 /* Requester.xcdatamodeld */,
			);
			name = Model;
			sourceTree = "<group>";
		};
		986A9A191A5DCF2F00DF2615 /* Entities */ = {
			isa = PBXGroup;
			children = (
				986A9A321A5DCF5500DF2615 /* RZRService.h */,
				986A9A331A5DCF5500DF2615 /* RZRService.m */,
				986A9A2E1A5DCF5500DF2615 /* RZRHeader.h */,
				986A9A2F1A5DCF5500DF2615 /* RZRHeader.m */,
				986A9A2A1A5DCF5500DF2615 /* RZREndpoint.h */,
				986A9A2B1A5DCF5500DF2615 /* RZREndpoint.m */,
				986A9A261A5DCF5500DF2615 /* RZRKeyValue.h */,
				986A9A271A5DCF5500DF2615 /* RZRKeyValue.m */,
				986A9A221A5DCF5500DF2615 /* RZRParameters.h */,
				986A9A231A5DCF5500DF2615 /* RZRParameters.m */,
				986A9A1E1A5DCF5500DF2615 /* RZRApp.h */,
				986A9A1F1A5DCF5500DF2615 /* RZRApp.m */,
				986A9A1A1A5DCF5400DF2615 /* RZREnvironment.h */,
				986A9A1B1A5DCF5400DF2615 /* RZREnvironment.m */,
			);
			name = Entities;
			sourceTree = "<group>";
		};
/* End PBXGroup section */

/* Begin PBXNativeTarget section */
		986A99F01A5DB64000DF2615 /* Requester */ = {
			isa = PBXNativeTarget;
			buildConfigurationList = 986A9A111A5DB64000DF2615 /* Build configuration list for PBXNativeTarget "Requester" */;
			buildPhases = (
				986A99ED1A5DB64000DF2615 /* Sources */,
				986A99EE1A5DB64000DF2615 /* Frameworks */,
				986A99EF1A5DB64000DF2615 /* Resources */,
			);
			buildRules = (
			);
			dependencies = (
			);
			name = Requester;
			productName = Requester;
			productReference = 986A99F11A5DB64000DF2615 /* Requester.app */;
			productType = "com.apple.product-type.application";
		};
		986A9A061A5DB64000DF2615 /* RequesterTests */ = {
			isa = PBXNativeTarget;
			buildConfigurationList = 986A9A141A5DB64000DF2615 /* Build configuration list for PBXNativeTarget "RequesterTests" */;
			buildPhases = (
				986A9A031A5DB64000DF2615 /* Sources */,
				986A9A041A5DB64000DF2615 /* Frameworks */,
				986A9A051A5DB64000DF2615 /* Resources */,
			);
			buildRules = (
			);
			dependencies = (
				986A9A091A5DB64000DF2615 /* PBXTargetDependency */,
			);
			name = RequesterTests;
			productName = RequesterTests;
			productReference = 986A9A071A5DB64000DF2615 /* RequesterTests.xctest */;
			productType = "com.apple.product-type.bundle.unit-test";
		};
/* End PBXNativeTarget section */

/* Begin PBXProject section */
		986A99E91A5DB64000DF2615 /* Project object */ = {
			isa = PBXProject;
			attributes = {
				LastUpgradeCheck = 0610;
				ORGANIZATIONNAME = Raizlabs;
				TargetAttributes = {
					986A99F01A5DB64000DF2615 = {
						CreatedOnToolsVersion = 6.1.1;
					};
					986A9A061A5DB64000DF2615 = {
						CreatedOnToolsVersion = 6.1.1;
						TestTargetID = 986A99F01A5DB64000DF2615;
					};
				};
			};
			buildConfigurationList = 986A99EC1A5DB64000DF2615 /* Build configuration list for PBXProject "Requester" */;
			compatibilityVersion = "Xcode 3.2";
			developmentRegion = English;
			hasScannedForEncodings = 0;
			knownRegions = (
				en,
				Base,
			);
			mainGroup = 986A99E81A5DB64000DF2615;
			productRefGroup = 986A99F21A5DB64000DF2615 /* Products */;
			projectDirPath = "";
			projectRoot = "";
			targets = (
				986A99F01A5DB64000DF2615 /* Requester */,
				986A9A061A5DB64000DF2615 /* RequesterTests */,
			);
		};
/* End PBXProject section */

/* Begin PBXResourcesBuildPhase section */
		986A99EF1A5DB64000DF2615 /* Resources */ = {
			isa = PBXResourcesBuildPhase;
			buildActionMask = 2147483647;
			files = (
				986A99FF1A5DB64000DF2615 /* Images.xcassets in Resources */,
				986A9A021A5DB64000DF2615 /* MainMenu.xib in Resources */,
			);
			runOnlyForDeploymentPostprocessing = 0;
		};
		986A9A051A5DB64000DF2615 /* Resources */ = {
			isa = PBXResourcesBuildPhase;
			buildActionMask = 2147483647;
			files = (
			);
			runOnlyForDeploymentPostprocessing = 0;
		};
/* End PBXResourcesBuildPhase section */

/* Begin PBXSourcesBuildPhase section */
		986A99ED1A5DB64000DF2615 /* Sources */ = {
			isa = PBXSourcesBuildPhase;
			buildActionMask = 2147483647;
			files = (
				986A9A341A5DCF5500DF2615 /* RZRService.m in Sources */,
				986A99FD1A5DB64000DF2615 /* Requester.xcdatamodeld in Sources */,
				986A99FA1A5DB64000DF2615 /* main.m in Sources */,
				986A9A1C1A5DCF5400DF2615 /* RZREnvironment.m in Sources */,
				986A9A281A5DCF5500DF2615 /* RZRKeyValue.m in Sources */,
				986A99F81A5DB64000DF2615 /* AppDelegate.m in Sources */,
				986A9A241A5DCF5500DF2615 /* RZRParameters.m in Sources */,
				986A9A201A5DCF5500DF2615 /* RZRApp.m in Sources */,
				986A9A2C1A5DCF5500DF2615 /* RZREndpoint.m in Sources */,
				986A9A301A5DCF5500DF2615 /* RZRHeader.m in Sources */,
			);
			runOnlyForDeploymentPostprocessing = 0;
		};
		986A9A031A5DB64000DF2615 /* Sources */ = {
			isa = PBXSourcesBuildPhase;
			buildActionMask = 2147483647;
			files = (
				986A9A251A5DCF5500DF2615 /* RZRParameters.m in Sources */,
				986A9A2D1A5DCF5500DF2615 /* RZREndpoint.m in Sources */,
				986A9A291A5DCF5500DF2615 /* RZRKeyValue.m in Sources */,
				986A9A1D1A5DCF5400DF2615 /* RZREnvironment.m in Sources */,
				986A9A0E1A5DB64000DF2615 /* RequesterTests.m in Sources */,
				986A9A311A5DCF5500DF2615 /* RZRHeader.m in Sources */,
				986A9A351A5DCF5500DF2615 /* RZRService.m in Sources */,
				986A9A211A5DCF5500DF2615 /* RZRApp.m in Sources */,
			);
			runOnlyForDeploymentPostprocessing = 0;
		};
/* End PBXSourcesBuildPhase section */

/* Begin PBXTargetDependency section */
		986A9A091A5DB64000DF2615 /* PBXTargetDependency */ = {
			isa = PBXTargetDependency;
			target = 986A99F01A5DB64000DF2615 /* Requester */;
			targetProxy = 986A9A081A5DB64000DF2615 /* PBXContainerItemProxy */;
		};
/* End PBXTargetDependency section */

/* Begin PBXVariantGroup section */
		986A9A001A5DB64000DF2615 /* MainMenu.xib */ = {
			isa = PBXVariantGroup;
			children = (
				986A9A011A5DB64000DF2615 /* Base */,
			);
			name = MainMenu.xib;
			sourceTree = "<group>";
		};
/* End PBXVariantGroup section */

/* Begin XCBuildConfiguration section */
		986A9A0F1A5DB64000DF2615 /* Debug */ = {
			isa = XCBuildConfiguration;
			buildSettings = {
				ALWAYS_SEARCH_USER_PATHS = NO;
				CLANG_CXX_LANGUAGE_STANDARD = "gnu++0x";
				CLANG_CXX_LIBRARY = "libc++";
				CLANG_ENABLE_MODULES = YES;
				CLANG_ENABLE_OBJC_ARC = YES;
				CLANG_WARN_BOOL_CONVERSION = YES;
				CLANG_WARN_CONSTANT_CONVERSION = YES;
				CLANG_WARN_DIRECT_OBJC_ISA_USAGE = YES_ERROR;
				CLANG_WARN_EMPTY_BODY = YES;
				CLANG_WARN_ENUM_CONVERSION = YES;
				CLANG_WARN_INT_CONVERSION = YES;
				CLANG_WARN_OBJC_ROOT_CLASS = YES_ERROR;
				CLANG_WARN_UNREACHABLE_CODE = YES;
				CLANG_WARN__DUPLICATE_METHOD_MATCH = YES;
				CODE_SIGN_IDENTITY = "-";
				COPY_PHASE_STRIP = NO;
				ENABLE_STRICT_OBJC_MSGSEND = YES;
				GCC_C_LANGUAGE_STANDARD = gnu99;
				GCC_DYNAMIC_NO_PIC = NO;
				GCC_OPTIMIZATION_LEVEL = 0;
				GCC_PREPROCESSOR_DEFINITIONS = (
					"DEBUG=1",
					"$(inherited)",
				);
				GCC_SYMBOLS_PRIVATE_EXTERN = NO;
				GCC_WARN_64_TO_32_BIT_CONVERSION = YES;
				GCC_WARN_ABOUT_RETURN_TYPE = YES_ERROR;
				GCC_WARN_UNDECLARED_SELECTOR = YES;
				GCC_WARN_UNINITIALIZED_AUTOS = YES_AGGRESSIVE;
				GCC_WARN_UNUSED_FUNCTION = YES;
				GCC_WARN_UNUSED_VARIABLE = YES;
				MACOSX_DEPLOYMENT_TARGET = 10.10;
				MTL_ENABLE_DEBUG_INFO = YES;
				ONLY_ACTIVE_ARCH = YES;
				SDKROOT = macosx;
			};
			name = Debug;
		};
		986A9A101A5DB64000DF2615 /* Release */ = {
			isa = XCBuildConfiguration;
			buildSettings = {
				ALWAYS_SEARCH_USER_PATHS = NO;
				CLANG_CXX_LANGUAGE_STANDARD = "gnu++0x";
				CLANG_CXX_LIBRARY = "libc++";
				CLANG_ENABLE_MODULES = YES;
				CLANG_ENABLE_OBJC_ARC = YES;
				CLANG_WARN_BOOL_CONVERSION = YES;
				CLANG_WARN_CONSTANT_CONVERSION = YES;
				CLANG_WARN_DIRECT_OBJC_ISA_USAGE = YES_ERROR;
				CLANG_WARN_EMPTY_BODY = YES;
				CLANG_WARN_ENUM_CONVERSION = YES;
				CLANG_WARN_INT_CONVERSION = YES;
				CLANG_WARN_OBJC_ROOT_CLASS = YES_ERROR;
				CLANG_WARN_UNREACHABLE_CODE = YES;
				CLANG_WARN__DUPLICATE_METHOD_MATCH = YES;
				CODE_SIGN_IDENTITY = "-";
				COPY_PHASE_STRIP = YES;
				DEBUG_INFORMATION_FORMAT = "dwarf-with-dsym";
				ENABLE_NS_ASSERTIONS = NO;
				ENABLE_STRICT_OBJC_MSGSEND = YES;
				GCC_C_LANGUAGE_STANDARD = gnu99;
				GCC_WARN_64_TO_32_BIT_CONVERSION = YES;
				GCC_WARN_ABOUT_RETURN_TYPE = YES_ERROR;
				GCC_WARN_UNDECLARED_SELECTOR = YES;
				GCC_WARN_UNINITIALIZED_AUTOS = YES_AGGRESSIVE;
				GCC_WARN_UNUSED_FUNCTION = YES;
				GCC_WARN_UNUSED_VARIABLE = YES;
				MACOSX_DEPLOYMENT_TARGET = 10.10;
				MTL_ENABLE_DEBUG_INFO = NO;
				SDKROOT = macosx;
			};
			name = Release;
		};
		986A9A121A5DB64000DF2615 /* Debug */ = {
			isa = XCBuildConfiguration;
			buildSettings = {
				ASSETCATALOG_COMPILER_APPICON_NAME = AppIcon;
				COMBINE_HIDPI_IMAGES = YES;
				INFOPLIST_FILE = Requester/Info.plist;
				LD_RUNPATH_SEARCH_PATHS = "$(inherited) @executable_path/../Frameworks";
				PRODUCT_NAME = "$(TARGET_NAME)";
			};
			name = Debug;
		};
		986A9A131A5DB64000DF2615 /* Release */ = {
			isa = XCBuildConfiguration;
			buildSettings = {
				ASSETCATALOG_COMPILER_APPICON_NAME = AppIcon;
				COMBINE_HIDPI_IMAGES = YES;
				INFOPLIST_FILE = Requester/Info.plist;
				LD_RUNPATH_SEARCH_PATHS = "$(inherited) @executable_path/../Frameworks";
				PRODUCT_NAME = "$(TARGET_NAME)";
			};
			name = Release;
		};
		986A9A151A5DB64000DF2615 /* Debug */ = {
			isa = XCBuildConfiguration;
			buildSettings = {
				BUNDLE_LOADER = "$(TEST_HOST)";
				COMBINE_HIDPI_IMAGES = YES;
				FRAMEWORK_SEARCH_PATHS = (
					"$(DEVELOPER_FRAMEWORKS_DIR)",
					"$(inherited)",
				);
				GCC_PREPROCESSOR_DEFINITIONS = (
					"DEBUG=1",
					"$(inherited)",
				);
				INFOPLIST_FILE = RequesterTests/Info.plist;
				LD_RUNPATH_SEARCH_PATHS = "$(inherited) @executable_path/../Frameworks @loader_path/../Frameworks";
				PRODUCT_NAME = "$(TARGET_NAME)";
				TEST_HOST = "$(BUILT_PRODUCTS_DIR)/Requester.app/Contents/MacOS/Requester";
			};
			name = Debug;
		};
		986A9A161A5DB64000DF2615 /* Release */ = {
			isa = XCBuildConfiguration;
			buildSettings = {
				BUNDLE_LOADER = "$(TEST_HOST)";
				COMBINE_HIDPI_IMAGES = YES;
				FRAMEWORK_SEARCH_PATHS = (
					"$(DEVELOPER_FRAMEWORKS_DIR)",
					"$(inherited)",
				);
				INFOPLIST_FILE = RequesterTests/Info.plist;
				LD_RUNPATH_SEARCH_PATHS = "$(inherited) @executable_path/../Frameworks @loader_path/../Frameworks";
				PRODUCT_NAME = "$(TARGET_NAME)";
				TEST_HOST = "$(BUILT_PRODUCTS_DIR)/Requester.app/Contents/MacOS/Requester";
			};
			name = Release;
		};
/* End XCBuildConfiguration section */

/* Begin XCConfigurationList section */
		986A99EC1A5DB64000DF2615 /* Build configuration list for PBXProject "Requester" */ = {
			isa = XCConfigurationList;
			buildConfigurations = (
				986A9A0F1A5DB64000DF2615 /* Debug */,
				986A9A101A5DB64000DF2615 /* Release */,
			);
			defaultConfigurationIsVisible = 0;
			defaultConfigurationName = Release;
		};
		986A9A111A5DB64000DF2615 /* Build configuration list for PBXNativeTarget "Requester" */ = {
			isa = XCConfigurationList;
			buildConfigurations = (
				986A9A121A5DB64000DF2615 /* Debug */,
				986A9A131A5DB64000DF2615 /* Release */,
			);
			defaultConfigurationIsVisible = 0;
		};
		986A9A141A5DB64000DF2615 /* Build configuration list for PBXNativeTarget "RequesterTests" */ = {
			isa = XCConfigurationList;
			buildConfigurations = (
				986A9A151A5DB64000DF2615 /* Debug */,
				986A9A161A5DB64000DF2615 /* Release */,
			);
			defaultConfigurationIsVisible = 0;
		};
/* End XCConfigurationList section */

/* Begin XCVersionGroup section */
		986A99FB1A5DB64000DF2615 /* Requester.xcdatamodeld */ = {
			isa = XCVersionGroup;
			children = (
				986A99FC1A5DB64000DF2615 /* Requester.xcdatamodel */,
			);
			currentVersion = 986A99FC1A5DB64000DF2615 /* Requester.xcdatamodel */;
			path = Requester.xcdatamodeld;
			sourceTree = "<group>";
			versionGroupType = wrapper.xcdatamodel;
		};
/* End XCVersionGroup section */
	};
	rootObject = 986A99E91A5DB64000DF2615 /* Project object */;
}
